PODS:
  - Alamofire (4.9.1)
  - DropDown (2.3.13)
  - Foloosi-iOS-SDK (1.0.7)
  - IQKeyboardManagerSwift (6.5.5)
  - JXPageControl (0.1.3):
    - JXPageControl/Common (= 0.1.3)
    - JXPageControl/Jump (= 0.1.3)
    - JXPageControl/Transform (= 0.1.3)
  - JXPageControl/Common (0.1.3)
  - JXPageControl/Jump (0.1.3):
    - JXPageControl/Common
  - JXPageControl/Transform (0.1.3):
    - JXPageControl/Common
  - MFSideMenu (0.5.5)
  - NVActivityIndicatorView (4.8.0):
    - NVActivityIndicatorView/Presenter (= 4.8.0)
  - NVActivityIndicatorView/Presenter (4.8.0)
  - PEPhotoCropEditor (1.3.1)
  - SDWebImage (5.8.1):
    - SDWebImage/Core (= 5.8.1)
  - SDWebImage/Core (5.8.1)
  - SKPhotoBrowser (6.1.0)
  - SwiftyJSON (5.0.0)
  - Toast-Swift (5.0.1)

DEPENDENCIES:
  - Alamofire (~> 4)
  - DropDown
  - Foloosi-iOS-SDK (~> 1.0.7)
  - IQKeyboardManagerSwift
  - JXPageControl
  - MFSideMenu
  - NVActivityIndicatorView
  - PEPhotoCropEditor
  - SDWebImage
  - SKPhotoBrowser
  - SwiftyJSON
  - Toast-Swift

SPEC REPOS:
  trunk:
    - Alamofire
    - DropDown
    - Foloosi-iOS-SDK
    - IQKeyboardManagerSwift
    - JXPageControl
    - MFSideMenu
    - NVActivityIndicatorView
    - PEPhotoCropEditor
    - SDWebImage
    - SKPhotoBrowser
    - SwiftyJSON
    - Toast-Swift

SPEC CHECKSUMS:
  Alamofire: 85e8a02c69d6020a0d734f6054870d7ecb75cf18
  DropDown: 8a2116376c1981888557f72ec2ffc9a5e0e456ec
  Foloosi-iOS-SDK: 00b4580e5bce2f70320fd38e37f75c1988a4ef20
  IQKeyboardManagerSwift: 0fb93310284665245591f50f7a5e38de615960b7
  JXPageControl: eea52838699a4949063e600b25eb9e8b6e20ae3f
  MFSideMenu: 268122e6894f2747fc3a2b48578100b232506c60
  NVActivityIndicatorView: d24b7ebcf80af5dcd994adb650e2b6c93379270f
  PEPhotoCropEditor: 613292fce009efd085e7aed975f1ebb3fec8bb7b
  SDWebImage: e3eae2eda88578db0685a0c88597fdadd9433f05
  SKPhotoBrowser: 343de95d89dc7913763c5dda243cc6e606e4a168
  SwiftyJSON: 36413e04c44ee145039d332b4f4e2d3e8d6c4db7
  Toast-Swift: 9b6a70f28b3bf0b96c40d46c0c4b9d6639846711

PODFILE CHECKSUM: a56363e52d000f1f3ae15d81c2f5ca8b4e63a623

COCOAPODS: 1.9.3
